
Microsoft Visual Studio Solution File, Format Version 12.00
# Visual Studio Version 17
VisualStudioVersion = 17.1.32127.271
MinimumVisualStudioVersion = 10.0.40219.1
Project("{2150E333-8FDC-42A3-9474-1A3956D46DE8}") = "Solution Items", "Solution Items", "{0D0D85CA-8F1B-4E44-996D-02C294F01E60}"
	ProjectSection(SolutionItems) = preProject
		..\appveyor.yml = ..\appveyor.yml
		..\CHANGELOG.md = ..\CHANGELOG.md
		..\README.md = ..\README.md
	EndProjectSection
EndProject
Project("{2150E333-8FDC-42A3-9474-1A3956D46DE8}") = "UnitTests", "UnitTests", "{1B5E7B86-F197-49F3-BCE9-11DEEE40BF3B}"
EndProject
Project("{9A19103F-16F7-4668-BE54-9A1E7A4F7556}") = "Test.Huanlin", "..\tests\Test.Huanlin\Test.Huanlin.csproj", "{FFE0B43B-CE54-4574-889A-B04808DAE0FD}"
EndProject
Project("{9A19103F-16F7-4668-BE54-9A1E7A4F7556}") = "Huanlin.Windows", "Huanlin.Windows\Huanlin.Windows.csproj", "{65E0BFA7-C86C-4A5B-A37A-084C2B3BAFB2}"
EndProject
Project("{9A19103F-16F7-4668-BE54-9A1E7A4F7556}") = "Huanlin.Common", "Huanlin.Common\Huanlin.Common.csproj", "{56C835FF-C91D-47AC-BBB6-BFD4AF9D815F}"
EndProject
Project("{9A19103F-16F7-4668-BE54-9A1E7A4F7556}") = "build", "..\build\build.csproj", "{A72B2D05-ECF5-4EB7-9735-0A834B0DFEF3}"
EndProject
Project("{2150E333-8FDC-42A3-9474-1A3956D46DE8}") = "doc", "doc", "{02EA681E-C7D8-13C7-8484-4AC65E1B71E8}"
	ProjectSection(SolutionItems) = preProject
		..\CHANGELOG.md = ..\CHANGELOG.md
	EndProjectSection
EndProject
Global
	GlobalSection(SolutionConfigurationPlatforms) = preSolution
		Debug_x64|Any CPU = Debug_x64|Any CPU
		Debug_x64|x64 = Debug_x64|x64
		Debug_x64|x86 = Debug_x64|x86
		Debug|Any CPU = Debug|Any CPU
		Debug|x64 = Debug|x64
		Debug|x86 = Debug|x86
		Release|Any CPU = Release|Any CPU
		Release|x64 = Release|x64
		Release|x86 = Release|x86
	EndGlobalSection
	GlobalSection(ProjectConfigurationPlatforms) = postSolution
		{FFE0B43B-CE54-4574-889A-B04808DAE0FD}.Debug_x64|Any CPU.ActiveCfg = Debug|Any CPU
		{FFE0B43B-CE54-4574-889A-B04808DAE0FD}.Debug_x64|Any CPU.Build.0 = Debug|Any CPU
		{FFE0B43B-CE54-4574-889A-B04808DAE0FD}.Debug_x64|x64.ActiveCfg = Debug|Any CPU
		{FFE0B43B-CE54-4574-889A-B04808DAE0FD}.Debug_x64|x64.Build.0 = Debug|Any CPU
		{FFE0B43B-CE54-4574-889A-B04808DAE0FD}.Debug_x64|x86.ActiveCfg = Debug|Any CPU
		{FFE0B43B-CE54-4574-889A-B04808DAE0FD}.Debug_x64|x86.Build.0 = Debug|Any CPU
		{FFE0B43B-CE54-4574-889A-B04808DAE0FD}.Debug|Any CPU.ActiveCfg = Debug|Any CPU
		{FFE0B43B-CE54-4574-889A-B04808DAE0FD}.Debug|Any CPU.Build.0 = Debug|Any CPU
		{FFE0B43B-CE54-4574-889A-B04808DAE0FD}.Debug|x64.ActiveCfg = Debug|Any CPU
		{FFE0B43B-CE54-4574-889A-B04808DAE0FD}.Debug|x64.Build.0 = Debug|Any CPU
		{FFE0B43B-CE54-4574-889A-B04808DAE0FD}.Debug|x86.ActiveCfg = Debug|Any CPU
		{FFE0B43B-CE54-4574-889A-B04808DAE0FD}.Debug|x86.Build.0 = Debug|Any CPU
		{FFE0B43B-CE54-4574-889A-B04808DAE0FD}.Release|Any CPU.ActiveCfg = Release|Any CPU
		{FFE0B43B-CE54-4574-889A-B04808DAE0FD}.Release|Any CPU.Build.0 = Release|Any CPU
		{FFE0B43B-CE54-4574-889A-B04808DAE0FD}.Release|x64.ActiveCfg = Release|Any CPU
		{FFE0B43B-CE54-4574-889A-B04808DAE0FD}.Release|x64.Build.0 = Release|Any CPU
		{FFE0B43B-CE54-4574-889A-B04808DAE0FD}.Release|x86.ActiveCfg = Release|Any CPU
		{FFE0B43B-CE54-4574-889A-B04808DAE0FD}.Release|x86.Build.0 = Release|Any CPU
		{65E0BFA7-C86C-4A5B-A37A-084C2B3BAFB2}.Debug_x64|Any CPU.ActiveCfg = Debug|Any CPU
		{65E0BFA7-C86C-4A5B-A37A-084C2B3BAFB2}.Debug_x64|Any CPU.Build.0 = Debug|Any CPU
		{65E0BFA7-C86C-4A5B-A37A-084C2B3BAFB2}.Debug_x64|x64.ActiveCfg = Debug|Any CPU
		{65E0BFA7-C86C-4A5B-A37A-084C2B3BAFB2}.Debug_x64|x64.Build.0 = Debug|Any CPU
		{65E0BFA7-C86C-4A5B-A37A-084C2B3BAFB2}.Debug_x64|x86.ActiveCfg = Debug|Any CPU
		{65E0BFA7-C86C-4A5B-A37A-084C2B3BAFB2}.Debug_x64|x86.Build.0 = Debug|Any CPU
		{65E0BFA7-C86C-4A5B-A37A-084C2B3BAFB2}.Debug|Any CPU.ActiveCfg = Debug|Any CPU
		{65E0BFA7-C86C-4A5B-A37A-084C2B3BAFB2}.Debug|Any CPU.Build.0 = Debug|Any CPU
		{65E0BFA7-C86C-4A5B-A37A-084C2B3BAFB2}.Debug|x64.ActiveCfg = Debug|Any CPU
		{65E0BFA7-C86C-4A5B-A37A-084C2B3BAFB2}.Debug|x64.Build.0 = Debug|Any CPU
		{65E0BFA7-C86C-4A5B-A37A-084C2B3BAFB2}.Debug|x86.ActiveCfg = Debug|Any CPU
		{65E0BFA7-C86C-4A5B-A37A-084C2B3BAFB2}.Debug|x86.Build.0 = Debug|Any CPU
		{65E0BFA7-C86C-4A5B-A37A-084C2B3BAFB2}.Release|Any CPU.ActiveCfg = Release|Any CPU
		{65E0BFA7-C86C-4A5B-A37A-084C2B3BAFB2}.Release|Any CPU.Build.0 = Release|Any CPU
		{65E0BFA7-C86C-4A5B-A37A-084C2B3BAFB2}.Release|x64.ActiveCfg = Release|Any CPU
		{65E0BFA7-C86C-4A5B-A37A-084C2B3BAFB2}.Release|x64.Build.0 = Release|Any CPU
		{65E0BFA7-C86C-4A5B-A37A-084C2B3BAFB2}.Release|x86.ActiveCfg = Release|Any CPU
		{65E0BFA7-C86C-4A5B-A37A-084C2B3BAFB2}.Release|x86.Build.0 = Release|Any CPU
		{56C835FF-C91D-47AC-BBB6-BFD4AF9D815F}.Debug_x64|Any CPU.ActiveCfg = Debug|Any CPU
		{56C835FF-C91D-47AC-BBB6-BFD4AF9D815F}.Debug_x64|Any CPU.Build.0 = Debug|Any CPU
		{56C835FF-C91D-47AC-BBB6-BFD4AF9D815F}.Debug_x64|x64.ActiveCfg = Debug|Any CPU
		{56C835FF-C91D-47AC-BBB6-BFD4AF9D815F}.Debug_x64|x64.Build.0 = Debug|Any CPU
		{56C835FF-C91D-47AC-BBB6-BFD4AF9D815F}.Debug_x64|x86.ActiveCfg = Debug|Any CPU
		{56C835FF-C91D-47AC-BBB6-BFD4AF9D815F}.Debug_x64|x86.Build.0 = Debug|Any CPU
		{56C835FF-C91D-47AC-BBB6-BFD4AF9D815F}.Debug|Any CPU.ActiveCfg = Debug|Any CPU
		{56C835FF-C91D-47AC-BBB6-BFD4AF9D815F}.Debug|Any CPU.Build.0 = Debug|Any CPU
		{56C835FF-C91D-47AC-BBB6-BFD4AF9D815F}.Debug|x64.ActiveCfg = Debug|Any CPU
		{56C835FF-C91D-47AC-BBB6-BFD4AF9D815F}.Debug|x64.Build.0 = Debug|Any CPU
		{56C835FF-C91D-47AC-BBB6-BFD4AF9D815F}.Debug|x86.ActiveCfg = Debug|Any CPU
		{56C835FF-C91D-47AC-BBB6-BFD4AF9D815F}.Debug|x86.Build.0 = Debug|Any CPU
		{56C835FF-C91D-47AC-BBB6-BFD4AF9D815F}.Release|Any CPU.ActiveCfg = Release|Any CPU
		{56C835FF-C91D-47AC-BBB6-BFD4AF9D815F}.Release|Any CPU.Build.0 = Release|Any CPU
		{56C835FF-C91D-47AC-BBB6-BFD4AF9D815F}.Release|x64.ActiveCfg = Release|Any CPU
		{56C835FF-C91D-47AC-BBB6-BFD4AF9D815F}.Release|x64.Build.0 = Release|Any CPU
		{56C835FF-C91D-47AC-BBB6-BFD4AF9D815F}.Release|x86.ActiveCfg = Release|Any CPU
		{56C835FF-C91D-47AC-BBB6-BFD4AF9D815F}.Release|x86.Build.0 = Release|Any CPU
		{A72B2D05-ECF5-4EB7-9735-0A834B0DFEF3}.Debug_x64|Any CPU.ActiveCfg = Debug|Any CPU
		{A72B2D05-ECF5-4EB7-9735-0A834B0DFEF3}.Debug_x64|Any CPU.Build.0 = Debug|Any CPU
		{A72B2D05-ECF5-4EB7-9735-0A834B0DFEF3}.Debug_x64|x64.ActiveCfg = Debug|Any CPU
		{A72B2D05-ECF5-4EB7-9735-0A834B0DFEF3}.Debug_x64|x64.Build.0 = Debug|Any CPU
		{A72B2D05-ECF5-4EB7-9735-0A834B0DFEF3}.Debug_x64|x86.ActiveCfg = Debug|Any CPU
		{A72B2D05-ECF5-4EB7-9735-0A834B0DFEF3}.Debug_x64|x86.Build.0 = Debug|Any CPU
		{A72B2D05-ECF5-4EB7-9735-0A834B0DFEF3}.Debug|Any CPU.ActiveCfg = Debug|Any CPU
		{A72B2D05-ECF5-4EB7-9735-0A834B0DFEF3}.Debug|Any CPU.Build.0 = Debug|Any CPU
		{A72B2D05-ECF5-4EB7-9735-0A834B0DFEF3}.Debug|x64.ActiveCfg = Debug|Any CPU
		{A72B2D05-ECF5-4EB7-9735-0A834B0DFEF3}.Debug|x64.Build.0 = Debug|Any CPU
		{A72B2D05-ECF5-4EB7-9735-0A834B0DFEF3}.Debug|x86.ActiveCfg = Debug|Any CPU
		{A72B2D05-ECF5-4EB7-9735-0A834B0DFEF3}.Debug|x86.Build.0 = Debug|Any CPU
		{A72B2D05-ECF5-4EB7-9735-0A834B0DFEF3}.Release|Any CPU.ActiveCfg = Release|Any CPU
		{A72B2D05-ECF5-4EB7-9735-0A834B0DFEF3}.Release|Any CPU.Build.0 = Release|Any CPU
		{A72B2D05-ECF5-4EB7-9735-0A834B0DFEF3}.Release|x64.ActiveCfg = Release|Any CPU
		{A72B2D05-ECF5-4EB7-9735-0A834B0DFEF3}.Release|x64.Build.0 = Release|Any CPU
		{A72B2D05-ECF5-4EB7-9735-0A834B0DFEF3}.Release|x86.ActiveCfg = Release|Any CPU
		{A72B2D05-ECF5-4EB7-9735-0A834B0DFEF3}.Release|x86.Build.0 = Release|Any CPU
	EndGlobalSection
	GlobalSection(SolutionProperties) = preSolution
		HideSolutionNode = FALSE
	EndGlobalSection
	GlobalSection(NestedProjects) = preSolution
		{FFE0B43B-CE54-4574-889A-B04808DAE0FD} = {1B5E7B86-F197-49F3-BCE9-11DEEE40BF3B}
	EndGlobalSection
	GlobalSection(ExtensibilityGlobals) = postSolution
		SolutionGuid = {729E0534-C975-497C-AE0C-5973AE7B3892}
	EndGlobalSection
	GlobalSection(TestCaseManagementSettings) = postSolution
		CategoryFile = HuanlinLib1.vsmdi
	EndGlobalSection
EndGlobal
